
Microsoft Visual Studio Solution File, Format Version 12.00
# Visual Studio 15
VisualStudioVersion = 15.0.25123.0
MinimumVisualStudioVersion = 10.0.40219.1
Project("{FAE04EC0-301F-11D3-BF4B-00C04F79EFBC}") = "iOSAppIconGenerator", "iOSAppIconGenerator\iOSAppIconGenerator.csproj", "{C0C77EAC-B2D7-4BE7-8C85-E9D0ED6BFC9A}"
EndProject
Global
	GlobalSection(SolutionConfigurationPlatforms) = preSolution
		Debug|Any CPU = Debug|Any CPU
		Release|Any CPU = Release|Any CPU
	EndGlobalSection
	GlobalSection(ProjectConfigurationPlatforms) = postSolution
		{C0C77EAC-B2D7-4BE7-8C85-E9D0ED6BFC9A}.Debug|Any CPU.ActiveCfg = Debug|Any CPU
		{C0C77EAC-B2D7-4BE7-8C85-E9D0ED6BFC9A}.Debug|Any CPU.Build.0 = Debug|Any CPU
		{C0C77EAC-B2D7-4BE7-8C85-E9D0ED6BFC9A}.Release|Any CPU.ActiveCfg = Release|Any CPU
		{C0C77EAC-B2D7-4BE7-8C85-E9D0ED6BFC9A}.Release|Any CPU.Build.0 = Release|Any CPU
	EndGlobalSection
	GlobalSection(SolutionProperties) = preSolution
		HideSolutionNode = FALSE
	EndGlobalSection
EndGlobal
